
Microsoft Visual Studio Solution File, Format Version 12.00
# Visual Studio 15
VisualStudioVersion = 15.0.28307.168
MinimumVisualStudioVersion = 10.0.40219.1
Project("{FAE04EC0-301F-11D3-BF4B-00C04F79EFBC}") = "LabSystem", "LabSystem\LabSystem.csproj", "{F31732BC-867F-4438-ACCB-4812C115A059}"
EndProject
Global
	GlobalSection(SolutionConfigurationPlatforms) = preSolution
		Debug|Any CPU = Debug|Any CPU
		Release|Any CPU = Release|Any CPU
	EndGlobalSection
	GlobalSection(ProjectConfigurationPlatforms) = postSolution
		{F31732BC-867F-4438-ACCB-4812C115A059}.Debug|Any CPU.ActiveCfg = Debug|Any CPU
		{F31732BC-867F-4438-ACCB-4812C115A059}.Debug|Any CPU.Build.0 = Debug|Any CPU
		{F31732BC-867F-4438-ACCB-4812C115A059}.Release|Any CPU.ActiveCfg = Release|Any CPU
		{F31732BC-867F-4438-ACCB-4812C115A059}.Release|Any CPU.Build.0 = Release|Any CPU
	EndGlobalSection
	GlobalSection(SolutionProperties) = preSolution
		HideSolutionNode = FALSE
	EndGlobalSection
	GlobalSection(ExtensibilityGlobals) = postSolution
		SolutionGuid = {5C6942F3-0FC2-40D5-933D-5134531F9311}
	EndGlobalSection
EndGlobal
